
Microsoft Visual Studio Solution File, Format Version 12.00
# Visual Studio 15
Project("{FAE04EC0-301F-11D3-BF4B-00C04F79EFBC}") = "OvningEtt", "OvningEtt\OvningEtt.csproj", "{667936AB-F7B2-43B8-A2BC-7B2B29CCA27E}"
EndProject
Global
	GlobalSection(SolutionConfigurationPlatforms) = preSolution
		Debug|Any CPU = Debug|Any CPU
		Release|Any CPU = Release|Any CPU
	EndGlobalSection
	GlobalSection(ProjectConfigurationPlatforms) = postSolution
		{667936AB-F7B2-43B8-A2BC-7B2B29CCA27E}.Debug|Any CPU.ActiveCfg = Debug|Any CPU
		{667936AB-F7B2-43B8-A2BC-7B2B29CCA27E}.Debug|Any CPU.Build.0 = Debug|Any CPU
		{667936AB-F7B2-43B8-A2BC-7B2B29CCA27E}.Release|Any CPU.ActiveCfg = Release|Any CPU
		{667936AB-F7B2-43B8-A2BC-7B2B29CCA27E}.Release|Any CPU.Build.0 = Release|Any CPU
	EndGlobalSection
EndGlobal
