
Microsoft Visual Studio Solution File, Format Version 12.00
# Visual Studio 15
Project("{FAE04EC0-301F-11D3-BF4B-00C04F79EFBC}") = "DemoStruct", "Demo1\DemoStruct.csproj", "{4497D526-DB58-421D-BCC5-CD6783AFC66E}"
EndProject
Project("{FAE04EC0-301F-11D3-BF4B-00C04F79EFBC}") = "DemoStruct2", "DemoStruct2\DemoStruct2.csproj", "{73D19ABD-D423-48E5-B352-5B3ACCDC441A}"
EndProject
Project("{FAE04EC0-301F-11D3-BF4B-00C04F79EFBC}") = "CodeAlongSTRUCT", "DeCodeAlongSTRUCT\CodeAlongSTRUCT.csproj", "{3FDBA699-EEFF-42E7-90B4-4219099622D1}"
EndProject
Project("{FAE04EC0-301F-11D3-BF4B-00C04F79EFBC}") = "CodeAlongENUM", "CodeAlongENUM\CodeAlongENUM.csproj", "{20030B4B-4381-43FE-8158-88F53051CD69}"
EndProject
Project("{FAE04EC0-301F-11D3-BF4B-00C04F79EFBC}") = "DemoEXCEPTION", "DemoEXCEPTION\DemoEXCEPTION.csproj", "{AEC790A2-9512-4CE1-9E4D-32E0C8806260}"
EndProject
Project("{FAE04EC0-301F-11D3-BF4B-00C04F79EFBC}") = "Övning_Klädbutiken", "Övning_Klädbutiken\Övning_Klädbutiken.csproj", "{251BE348-E40A-4AE4-8D12-B5B53DA4A681}"
EndProject
Global
	GlobalSection(SolutionConfigurationPlatforms) = preSolution
		Debug|Any CPU = Debug|Any CPU
		Release|Any CPU = Release|Any CPU
	EndGlobalSection
	GlobalSection(ProjectConfigurationPlatforms) = postSolution
		{4497D526-DB58-421D-BCC5-CD6783AFC66E}.Debug|Any CPU.ActiveCfg = Debug|Any CPU
		{4497D526-DB58-421D-BCC5-CD6783AFC66E}.Debug|Any CPU.Build.0 = Debug|Any CPU
		{4497D526-DB58-421D-BCC5-CD6783AFC66E}.Release|Any CPU.ActiveCfg = Release|Any CPU
		{4497D526-DB58-421D-BCC5-CD6783AFC66E}.Release|Any CPU.Build.0 = Release|Any CPU
		{73D19ABD-D423-48E5-B352-5B3ACCDC441A}.Debug|Any CPU.ActiveCfg = Debug|Any CPU
		{73D19ABD-D423-48E5-B352-5B3ACCDC441A}.Debug|Any CPU.Build.0 = Debug|Any CPU
		{73D19ABD-D423-48E5-B352-5B3ACCDC441A}.Release|Any CPU.ActiveCfg = Release|Any CPU
		{73D19ABD-D423-48E5-B352-5B3ACCDC441A}.Release|Any CPU.Build.0 = Release|Any CPU
		{3FDBA699-EEFF-42E7-90B4-4219099622D1}.Debug|Any CPU.ActiveCfg = Debug|Any CPU
		{3FDBA699-EEFF-42E7-90B4-4219099622D1}.Debug|Any CPU.Build.0 = Debug|Any CPU
		{3FDBA699-EEFF-42E7-90B4-4219099622D1}.Release|Any CPU.ActiveCfg = Release|Any CPU
		{3FDBA699-EEFF-42E7-90B4-4219099622D1}.Release|Any CPU.Build.0 = Release|Any CPU
		{20030B4B-4381-43FE-8158-88F53051CD69}.Debug|Any CPU.ActiveCfg = Debug|Any CPU
		{20030B4B-4381-43FE-8158-88F53051CD69}.Debug|Any CPU.Build.0 = Debug|Any CPU
		{20030B4B-4381-43FE-8158-88F53051CD69}.Release|Any CPU.ActiveCfg = Release|Any CPU
		{20030B4B-4381-43FE-8158-88F53051CD69}.Release|Any CPU.Build.0 = Release|Any CPU
		{AEC790A2-9512-4CE1-9E4D-32E0C8806260}.Debug|Any CPU.ActiveCfg = Debug|Any CPU
		{AEC790A2-9512-4CE1-9E4D-32E0C8806260}.Debug|Any CPU.Build.0 = Debug|Any CPU
		{AEC790A2-9512-4CE1-9E4D-32E0C8806260}.Release|Any CPU.ActiveCfg = Release|Any CPU
		{AEC790A2-9512-4CE1-9E4D-32E0C8806260}.Release|Any CPU.Build.0 = Release|Any CPU
		{251BE348-E40A-4AE4-8D12-B5B53DA4A681}.Debug|Any CPU.ActiveCfg = Debug|Any CPU
		{251BE348-E40A-4AE4-8D12-B5B53DA4A681}.Debug|Any CPU.Build.0 = Debug|Any CPU
		{251BE348-E40A-4AE4-8D12-B5B53DA4A681}.Release|Any CPU.ActiveCfg = Release|Any CPU
		{251BE348-E40A-4AE4-8D12-B5B53DA4A681}.Release|Any CPU.Build.0 = Release|Any CPU
	EndGlobalSection
EndGlobal
