
Microsoft Visual Studio Solution File, Format Version 12.00
# Visual Studio 15
Project("{FAE04EC0-301F-11D3-BF4B-00C04F79EFBC}") = "Ovning2", "Ovning2\Ovning2.csproj", "{AFB0E31C-00FF-4096-9A2E-5DD62F92A937}"
EndProject
Global
	GlobalSection(SolutionConfigurationPlatforms) = preSolution
		Debug|Any CPU = Debug|Any CPU
		Release|Any CPU = Release|Any CPU
	EndGlobalSection
	GlobalSection(ProjectConfigurationPlatforms) = postSolution
		{AFB0E31C-00FF-4096-9A2E-5DD62F92A937}.Debug|Any CPU.ActiveCfg = Debug|Any CPU
		{AFB0E31C-00FF-4096-9A2E-5DD62F92A937}.Debug|Any CPU.Build.0 = Debug|Any CPU
		{AFB0E31C-00FF-4096-9A2E-5DD62F92A937}.Release|Any CPU.ActiveCfg = Release|Any CPU
		{AFB0E31C-00FF-4096-9A2E-5DD62F92A937}.Release|Any CPU.Build.0 = Release|Any CPU
	EndGlobalSection
EndGlobal
