
Microsoft Visual Studio Solution File, Format Version 12.00
# Visual Studio 15
Project("{FAE04EC0-301F-11D3-BF4B-00C04F79EFBC}") = "MyGame", "MyGame\MyGame.csproj", "{A5C0DFF5-9BE9-4CEA-BD26-3D67831C43D5}"
EndProject
Project("{FAE04EC0-301F-11D3-BF4B-00C04F79EFBC}") = "MyClassLibrary", "MyClassLibrary\MyClassLibrary.csproj", "{C9CF3968-5154-4E2F-91A1-E67E314E3AA3}"
EndProject
Global
	GlobalSection(SolutionConfigurationPlatforms) = preSolution
		Debug|Any CPU = Debug|Any CPU
		Release|Any CPU = Release|Any CPU
	EndGlobalSection
	GlobalSection(ProjectConfigurationPlatforms) = postSolution
		{A5C0DFF5-9BE9-4CEA-BD26-3D67831C43D5}.Debug|Any CPU.ActiveCfg = Debug|Any CPU
		{A5C0DFF5-9BE9-4CEA-BD26-3D67831C43D5}.Debug|Any CPU.Build.0 = Debug|Any CPU
		{A5C0DFF5-9BE9-4CEA-BD26-3D67831C43D5}.Release|Any CPU.ActiveCfg = Release|Any CPU
		{A5C0DFF5-9BE9-4CEA-BD26-3D67831C43D5}.Release|Any CPU.Build.0 = Release|Any CPU
		{C9CF3968-5154-4E2F-91A1-E67E314E3AA3}.Debug|Any CPU.ActiveCfg = Debug|Any CPU
		{C9CF3968-5154-4E2F-91A1-E67E314E3AA3}.Debug|Any CPU.Build.0 = Debug|Any CPU
		{C9CF3968-5154-4E2F-91A1-E67E314E3AA3}.Release|Any CPU.ActiveCfg = Release|Any CPU
		{C9CF3968-5154-4E2F-91A1-E67E314E3AA3}.Release|Any CPU.Build.0 = Release|Any CPU
	EndGlobalSection
EndGlobal
